
Microsoft Visual Studio Solution File, Format Version 12.00
# Visual Studio Version 17
VisualStudioVersion = 17.0.31611.283
MinimumVisualStudioVersion = 10.0.40219.1
Project("{9A19103F-16F7-4668-BE54-9A1E7A4F7556}") = "SharpCasts.Core", "SharpCasts.Core\SharpCasts.Core.csproj", "{5200D590-7490-4DCD-BC16-031FA450BF7A}"
EndProject
Project("{9A19103F-16F7-4668-BE54-9A1E7A4F7556}") = "SharpCasts.Infrastructure", "SharpCasts.Infrastructure\SharpCasts.Infrastructure.csproj", "{33633BF8-D328-4FB4-9BC9-EEA6255F4367}"
EndProject
Project("{9A19103F-16F7-4668-BE54-9A1E7A4F7556}") = "SharpCasts.Tests", "SharpCasts.Tests\SharpCasts.Tests.csproj", "{0B2EC20F-DBDB-40B8-B071-561D411E3B57}"
EndProject
Project("{9A19103F-16F7-4668-BE54-9A1E7A4F7556}") = "SharpCasts.Main", "SharpCasts.Main\SharpCasts.Main.csproj", "{A25C597A-F64E-4BE3-9F23-A93FA7958CDC}"
EndProject
Project("{9A19103F-16F7-4668-BE54-9A1E7A4F7556}") = "SharpCasts.Audio", "SharpCasts.Audio\SharpCasts.Audio.csproj", "{7F74F5B7-9D85-4CCC-828E-1B4381F3DFC9}"
EndProject
Global
	GlobalSection(SolutionConfigurationPlatforms) = preSolution
		Debug|Any CPU = Debug|Any CPU
		Release|Any CPU = Release|Any CPU
	EndGlobalSection
	GlobalSection(ProjectConfigurationPlatforms) = postSolution
		{5200D590-7490-4DCD-BC16-031FA450BF7A}.Debug|Any CPU.ActiveCfg = Debug|Any CPU
		{5200D590-7490-4DCD-BC16-031FA450BF7A}.Debug|Any CPU.Build.0 = Debug|Any CPU
		{5200D590-7490-4DCD-BC16-031FA450BF7A}.Release|Any CPU.ActiveCfg = Release|Any CPU
		{5200D590-7490-4DCD-BC16-031FA450BF7A}.Release|Any CPU.Build.0 = Release|Any CPU
		{33633BF8-D328-4FB4-9BC9-EEA6255F4367}.Debug|Any CPU.ActiveCfg = Debug|Any CPU
		{33633BF8-D328-4FB4-9BC9-EEA6255F4367}.Debug|Any CPU.Build.0 = Debug|Any CPU
		{33633BF8-D328-4FB4-9BC9-EEA6255F4367}.Release|Any CPU.ActiveCfg = Release|Any CPU
		{33633BF8-D328-4FB4-9BC9-EEA6255F4367}.Release|Any CPU.Build.0 = Release|Any CPU
		{0B2EC20F-DBDB-40B8-B071-561D411E3B57}.Debug|Any CPU.ActiveCfg = Debug|Any CPU
		{0B2EC20F-DBDB-40B8-B071-561D411E3B57}.Debug|Any CPU.Build.0 = Debug|Any CPU
		{0B2EC20F-DBDB-40B8-B071-561D411E3B57}.Release|Any CPU.ActiveCfg = Release|Any CPU
		{0B2EC20F-DBDB-40B8-B071-561D411E3B57}.Release|Any CPU.Build.0 = Release|Any CPU
		{A25C597A-F64E-4BE3-9F23-A93FA7958CDC}.Debug|Any CPU.ActiveCfg = Debug|Any CPU
		{A25C597A-F64E-4BE3-9F23-A93FA7958CDC}.Debug|Any CPU.Build.0 = Debug|Any CPU
		{A25C597A-F64E-4BE3-9F23-A93FA7958CDC}.Debug|Any CPU.Deploy.0 = Debug|Any CPU
		{A25C597A-F64E-4BE3-9F23-A93FA7958CDC}.Release|Any CPU.ActiveCfg = Release|Any CPU
		{A25C597A-F64E-4BE3-9F23-A93FA7958CDC}.Release|Any CPU.Build.0 = Release|Any CPU
		{A25C597A-F64E-4BE3-9F23-A93FA7958CDC}.Release|Any CPU.Deploy.0 = Release|Any CPU
		{7F74F5B7-9D85-4CCC-828E-1B4381F3DFC9}.Debug|Any CPU.ActiveCfg = Debug|Any CPU
		{7F74F5B7-9D85-4CCC-828E-1B4381F3DFC9}.Debug|Any CPU.Build.0 = Debug|Any CPU
		{7F74F5B7-9D85-4CCC-828E-1B4381F3DFC9}.Release|Any CPU.ActiveCfg = Release|Any CPU
		{7F74F5B7-9D85-4CCC-828E-1B4381F3DFC9}.Release|Any CPU.Build.0 = Release|Any CPU
	EndGlobalSection
	GlobalSection(SolutionProperties) = preSolution
		HideSolutionNode = FALSE
	EndGlobalSection
	GlobalSection(ExtensibilityGlobals) = postSolution
		SolutionGuid = {61F7FB11-1E47-470C-91E2-47F8143E1572}
	EndGlobalSection
EndGlobal
